
Microsoft Visual Studio Solution File, Format Version 12.00
# Visual Studio Version 16
VisualStudioVersion = 16.0.32106.194
MinimumVisualStudioVersion = 10.0.40219.1
Project("{159641D6-6404-4A2A-AE62-294DE0FE8301}") = "SourceToStage", "SourceToStage\SourceToStage.dtproj", "{8D6CE22F-8BAD-43ED-AF44-028CA12957D6}"
EndProject
Global
	GlobalSection(SolutionConfigurationPlatforms) = preSolution
		Development|Default = Development|Default
	EndGlobalSection
	GlobalSection(ProjectConfigurationPlatforms) = postSolution
		{8D6CE22F-8BAD-43ED-AF44-028CA12957D6}.Development|Default.ActiveCfg = Development
		{8D6CE22F-8BAD-43ED-AF44-028CA12957D6}.Development|Default.Build.0 = Development
	EndGlobalSection
	GlobalSection(SolutionProperties) = preSolution
		HideSolutionNode = FALSE
	EndGlobalSection
	GlobalSection(ExtensibilityGlobals) = postSolution
		SolutionGuid = {0C8440FF-04BC-47DB-BBD7-170217F7959A}
	EndGlobalSection
EndGlobal
